
Microsoft Visual Studio Solution File, Format Version 12.00
# Visual Studio 15
VisualStudioVersion = 15.0.26430.13
MinimumVisualStudioVersion = 10.0.40219.1
Project("{9A19103F-16F7-4668-BE54-9A1E7A4F7556}") = "CoreLibJune17", "CoreLibJune17\CoreLibJune17.csproj", "{B21E602B-6FB6-45B3-B1E6-DA4F07404CD6}"
EndProject
Global
	GlobalSection(SolutionConfigurationPlatforms) = preSolution
		Debug|Any CPU = Debug|Any CPU
		Debug|x64 = Debug|x64
		Debug|x86 = Debug|x86
		Release|Any CPU = Release|Any CPU
		Release|x64 = Release|x64
		Release|x86 = Release|x86
	EndGlobalSection
	GlobalSection(ProjectConfigurationPlatforms) = postSolution
		{B21E602B-6FB6-45B3-B1E6-DA4F07404CD6}.Debug|Any CPU.ActiveCfg = Debug|Any CPU
		{B21E602B-6FB6-45B3-B1E6-DA4F07404CD6}.Debug|Any CPU.Build.0 = Debug|Any CPU
		{B21E602B-6FB6-45B3-B1E6-DA4F07404CD6}.Debug|x64.ActiveCfg = Debug|x64
		{B21E602B-6FB6-45B3-B1E6-DA4F07404CD6}.Debug|x64.Build.0 = Debug|x64
		{B21E602B-6FB6-45B3-B1E6-DA4F07404CD6}.Debug|x86.ActiveCfg = Debug|x86
		{B21E602B-6FB6-45B3-B1E6-DA4F07404CD6}.Debug|x86.Build.0 = Debug|x86
		{B21E602B-6FB6-45B3-B1E6-DA4F07404CD6}.Release|Any CPU.ActiveCfg = Release|Any CPU
		{B21E602B-6FB6-45B3-B1E6-DA4F07404CD6}.Release|Any CPU.Build.0 = Release|Any CPU
		{B21E602B-6FB6-45B3-B1E6-DA4F07404CD6}.Release|x64.ActiveCfg = Release|x64
		{B21E602B-6FB6-45B3-B1E6-DA4F07404CD6}.Release|x64.Build.0 = Release|x64
		{B21E602B-6FB6-45B3-B1E6-DA4F07404CD6}.Release|x86.ActiveCfg = Release|x86
		{B21E602B-6FB6-45B3-B1E6-DA4F07404CD6}.Release|x86.Build.0 = Release|x86
	EndGlobalSection
	GlobalSection(SolutionProperties) = preSolution
		HideSolutionNode = FALSE
	EndGlobalSection
	GlobalSection(ExtensibilityGlobals) = postSolution
		SolutionGuid = {1F0CF496-F5D1-4FB4-B6A6-E78198AA531C}
	EndGlobalSection
EndGlobal
